{
    "version": "0.5",
    "requires": [
        "zlib/1.3.1#b8bc2603263cf7eccbd6e17e66b0ed76%1733936244.862",
        "xorg/system#98f82cb669e4ebc6b4d9d8a4f3f1faf4%1725460968.361",
        "sqlitecpp/3.3.2#f3582cb66220f3cf29a472719a850207%1723892668.431",
        "sqlite3/3.45.0#3a7911478ffd14e7acc694ac113449b6%1707810434.986",
        "spdlog/1.15.1#92e99f07f134481bce4b70c1a41060e7%1738512735.307",
        "openssl/3.4.1#638c4c4df8ecdef1f7aa73fc0d07fde6%1743184906.855",
        "nlohmann_json/3.11.3#45828be26eb619a2e04ca517bb7b828d%1701220705.259",
        "libbacktrace/cci.20210118#a7691bfccd8caaf66309df196790a5a1%1722218217.276",
        "gtest/1.16.0#4fd8d9d80636ea9504de6a0ec1ab8686%1743410803.513",
        "cli11/2.5.0#1b7c81ea2bff6279eb2150bbe06a200a%1741515009.124",
        "bzip2/1.0.8#5783c8a17fc6c04697bed2aabc908f93%1743246801.872",
        "boost/1.87.0#53c53f3d6eeb9db4a3d68573596db0e7%1741105890.981"
    ],
    "build_requires": [
        "b2/5.3.1#17d161cafc8f83e47e1e88dd107b17ff%1743826941.334"
    ],
    "python_requires": [],
    "config_requires": []
}
