{
    "version": "0.5",
    "requires": [
        "zlib/1.3.1#b8bc2603263cf7eccbd6e17e66b0ed76%1733936244.862",
        "sqlitecpp/3.3.2#f3582cb66220f3cf29a472719a850207%1723892668.431",
        "sqlite3/3.45.0#3a7911478ffd14e7acc694ac113449b6%1707810434.986",
        "spdlog/1.15.1#92e99f07f134481bce4b70c1a41060e7%1738512735.307",
        "openssl/3.4.1#638c4c4df8ecdef1f7aa73fc0d07fde6%1743184906.855",
        "nlohmann_json/3.11.3#45828be26eb619a2e04ca517bb7b828d%1701220705.259",
        "libcurl/8.12.1#b46e3337837a9bb8bd5e2eea015b16a4%1744032098.813",
        "libbacktrace/cci.20210118#a7691bfccd8caaf66309df196790a5a1%1722218217.276",
        "gtest/1.16.0#4fd8d9d80636ea9504de6a0ec1ab8686%1743410803.513",
        "fmt/11.1.3#8364f0feb23ee32e4b870455edb552ae%1738512514.619",
        "date/3.0.3#cf28fe9c0aab99fe12da08aa42df65e1%1729472011.61",
        "cli11/2.5.0#1b7c81ea2bff6279eb2150bbe06a200a%1741515009.124",
        "bzip2/1.0.8#5783c8a17fc6c04697bed2aabc908f93%1743246801.872",
        "boost/1.87.0#53c53f3d6eeb9db4a3d68573596db0e7%1741105890.981"
    ],
    "build_requires": [
        "pkgconf/2.2.0#6462942a22803086372db44689ba825f%1713364853.749",
        "ninja/1.12.1#fd583651bf0c6a901943495d49878803%1724079877.609",
        "meson/1.2.2#21b73818ba96d9eea465b310b5bbc993%1726730120.212",
        "m4/1.4.19#b38ced39a01e31fef5435bc634461fd2%1700758725.451",
        "libtool/2.4.7#a182d7ce8d4c346a19dbd4a5d532ef68%1742900203.747",
        "gnu-config/cci.20210814#dc430d754f465e8c74463019672fb97b%1701248168.479",
        "b2/5.3.1#17d161cafc8f83e47e1e88dd107b17ff%1743826941.334",
        "automake/1.16.5#058bda3e21c36c9aa8425daf3c1faf50%1688481772.751",
        "autoconf/2.71#f9307992909d7fb3df459340f1932809%1711983104.648"
    ],
    "python_requires": [],
    "config_requires": []
}
